
Microsoft Visual Studio Solution File, Format Version 12.00
# Visual Studio Version 16
VisualStudioVersion = 16.0.32901.82
MinimumVisualStudioVersion = 10.0.40219.1
Project("{8BC9CEB8-8B4A-11D0-8D11-00A0C91BC942}") = "SimpleRobotArm", "SimpleRobotArm.vcxproj", "{0222B7E6-1318-44D6-AFDB-3A14AFEE3166}"
EndProject
Global
	GlobalSection(SolutionConfigurationPlatforms) = preSolution
		Debug|x64 = Debug|x64
		Debug|x86 = Debug|x86
		Release|x64 = Release|x64
		Release|x86 = Release|x86
	EndGlobalSection
	GlobalSection(ProjectConfigurationPlatforms) = postSolution
		{0222B7E6-1318-44D6-AFDB-3A14AFEE3166}.Debug|x64.ActiveCfg = Debug|x64
		{0222B7E6-1318-44D6-AFDB-3A14AFEE3166}.Debug|x64.Build.0 = Debug|x64
		{0222B7E6-1318-44D6-AFDB-3A14AFEE3166}.Debug|x86.ActiveCfg = Debug|Win32
		{0222B7E6-1318-44D6-AFDB-3A14AFEE3166}.Debug|x86.Build.0 = Debug|Win32
		{0222B7E6-1318-44D6-AFDB-3A14AFEE3166}.Release|x64.ActiveCfg = Release|x64
		{0222B7E6-1318-44D6-AFDB-3A14AFEE3166}.Release|x64.Build.0 = Release|x64
		{0222B7E6-1318-44D6-AFDB-3A14AFEE3166}.Release|x86.ActiveCfg = Release|Win32
		{0222B7E6-1318-44D6-AFDB-3A14AFEE3166}.Release|x86.Build.0 = Release|Win32
	EndGlobalSection
	GlobalSection(SolutionProperties) = preSolution
		HideSolutionNode = FALSE
	EndGlobalSection
	GlobalSection(ExtensibilityGlobals) = postSolution
		SolutionGuid = {D5732B39-230A-40D7-894E-AE391E196342}
	EndGlobalSection
EndGlobal
